// !$*UTF8*$!
{
	archiveVersion = 1;
	classes = {
	};
	objectVersion = 50;
	objects = {

/* Begin PBXBuildFile section */
		B54196EF23BE38A700B20D1F /* AppDelegate.swift in Sources */ = {isa = PBXBuildFile; fileRef = B54196EE23BE38A700B20D1F /* AppDelegate.swift */; };
		B54196F123BE38A700B20D1F /* SceneDelegate.swift in Sources */ = {isa = PBXBuildFile; fileRef = B54196F023BE38A700B20D1F /* SceneDelegate.swift */; };
		B54196F323BE38A700B20D1F /* ContentView.swift in Sources */ = {isa = PBXBuildFile; fileRef = B54196F223BE38A700B20D1F /* ContentView.swift */; };
		B54196F523BE38A700B20D1F /* Assets.xcassets in Resources */ = {isa = PBXBuildFile; fileRef = B54196F423BE38A700B20D1F /* Assets.xcassets */; };
		B54196F823BE38A700B20D1F /* Preview Assets.xcassets in Resources */ = {isa = PBXBuildFile; fileRef = B54196F723BE38A700B20D1F /* Preview Assets.xcassets */; };
		B54196FB23BE38A700B20D1F /* LaunchScreen.storyboard in Resources */ = {isa = PBXBuildFile; fileRef = B54196F923BE38A700B20D1F /* LaunchScreen.storyboard */; };
		B541970423BE38DD00B20D1F /* ProfileScreen.swift in Sources */ = {isa = PBXBuildFile; fileRef = B541970323BE38DD00B20D1F /* ProfileScreen.swift */; };
		B541970923BE39C600B20D1F /* ProfileModel.swift in Sources */ = {isa = PBXBuildFile; fileRef = B541970823BE39C600B20D1F /* ProfileModel.swift */; };
		B541970C23BE3E2500B20D1F /* UserService.swift in Sources */ = {isa = PBXBuildFile; fileRef = B541970B23BE3E2500B20D1F /* UserService.swift */; };
/* End PBXBuildFile section */

/* Begin PBXFileReference section */
		B54196EB23BE38A700B20D1F /* Profile.app */ = {isa = PBXFileReference; explicitFileType = wrapper.application; includeInIndex = 0; path = Profile.app; sourceTree = BUILT_PRODUCTS_DIR; };
		B54196EE23BE38A700B20D1F /* AppDelegate.swift */ = {isa = PBXFileReference; lastKnownFileType = sourcecode.swift; path = AppDelegate.swift; sourceTree = "<group>"; };
		B54196F023BE38A700B20D1F /* SceneDelegate.swift */ = {isa = PBXFileReference; lastKnownFileType = sourcecode.swift; path = SceneDelegate.swift; sourceTree = "<group>"; };
		B54196F223BE38A700B20D1F /* ContentView.swift */ = {isa = PBXFileReference; lastKnownFileType = sourcecode.swift; path = ContentView.swift; sourceTree = "<group>"; };
		B54196F423BE38A700B20D1F /* Assets.xcassets */ = {isa = PBXFileReference; lastKnownFileType = folder.assetcatalog; path = Assets.xcassets; sourceTree = "<group>"; };
		B54196F723BE38A700B20D1F /* Preview Assets.xcassets */ = {isa = PBXFileReference; lastKnownFileType = folder.assetcatalog; path = "Preview Assets.xcassets"; sourceTree = "<group>"; };
		B54196FA23BE38A700B20D1F /* Base */ = {isa = PBXFileReference; lastKnownFileType = file.storyboard; name = Base; path = Base.lproj/LaunchScreen.storyboard; sourceTree = "<group>"; };
		B54196FC23BE38A700B20D1F /* Info.plist */ = {isa = PBXFileReference; lastKnownFileType = text.plist.xml; path = Info.plist; sourceTree = "<group>"; };
		B541970323BE38DD00B20D1F /* ProfileScreen.swift */ = {isa = PBXFileReference; lastKnownFileType = sourcecode.swift; path = ProfileScreen.swift; sourceTree = "<group>"; };
		B541970823BE39C600B20D1F /* ProfileModel.swift */ = {isa = PBXFileReference; lastKnownFileType = sourcecode.swift; path = ProfileModel.swift; sourceTree = "<group>"; };
		B541970B23BE3E2500B20D1F /* UserService.swift */ = {isa = PBXFileReference; lastKnownFileType = sourcecode.swift; path = UserService.swift; sourceTree = "<group>"; };
/* End PBXFileReference section */

/* Begin PBXFrameworksBuildPhase section */
		B54196E823BE38A700B20D1F /* Frameworks */ = {
			isa = PBXFrameworksBuildPhase;
			buildActionMask = 2147483647;
			files = (
			);
			runOnlyForDeploymentPostprocessing = 0;
		};
/* End PBXFrameworksBuildPhase section */

/* Begin PBXGroup section */
		B54196E223BE38A700B20D1F = {
			isa = PBXGroup;
			children = (
				B54196ED23BE38A700B20D1F /* Profile */,
				B54196EC23BE38A700B20D1F /* Products */,
			);
			sourceTree = "<group>";
		};
		B54196EC23BE38A700B20D1F /* Products */ = {
			isa = PBXGroup;
			children = (
				B54196EB23BE38A700B20D1F /* Profile.app */,
			);
			name = Products;
			sourceTree = "<group>";
		};
		B54196ED23BE38A700B20D1F /* Profile */ = {
			isa = PBXGroup;
			children = (
				B541970A23BE3E1B00B20D1F /* Services */,
				B541970523BE39A000B20D1F /* Model */,
				B541970223BE38CB00B20D1F /* Screens */,
				B54196EE23BE38A700B20D1F /* AppDelegate.swift */,
				B54196F023BE38A700B20D1F /* SceneDelegate.swift */,
				B54196F223BE38A700B20D1F /* ContentView.swift */,
				B54196F423BE38A700B20D1F /* Assets.xcassets */,
				B54196F923BE38A700B20D1F /* LaunchScreen.storyboard */,
				B54196FC23BE38A700B20D1F /* Info.plist */,
				B54196F623BE38A700B20D1F /* Preview Content */,
			);
			path = Profile;
			sourceTree = "<group>";
		};
		B54196F623BE38A700B20D1F /* Preview Content */ = {
			isa = PBXGroup;
			children = (
				B54196F723BE38A700B20D1F /* Preview Assets.xcassets */,
			);
			path = "Preview Content";
			sourceTree = "<group>";
		};
		B541970223BE38CB00B20D1F /* Screens */ = {
			isa = PBXGroup;
			children = (
				B541970323BE38DD00B20D1F /* ProfileScreen.swift */,
			);
			path = Screens;
			sourceTree = "<group>";
		};
		B541970523BE39A000B20D1F /* Model */ = {
			isa = PBXGroup;
			children = (
				B541970823BE39C600B20D1F /* ProfileModel.swift */,
			);
			path = Model;
			sourceTree = "<group>";
		};
		B541970A23BE3E1B00B20D1F /* Services */ = {
			isa = PBXGroup;
			children = (
				B541970B23BE3E2500B20D1F /* UserService.swift */,
			);
			path = Services;
			sourceTree = "<group>";
		};
/* End PBXGroup section */

/* Begin PBXNativeTarget section */
		B54196EA23BE38A700B20D1F /* Profile */ = {
			isa = PBXNativeTarget;
			buildConfigurationList = B54196FF23BE38A700B20D1F /* Build configuration list for PBXNativeTarget "Profile" */;
			buildPhases = (
				B54196E723BE38A700B20D1F /* Sources */,
				B54196E823BE38A700B20D1F /* Frameworks */,
				B54196E923BE38A700B20D1F /* Resources */,
			);
			buildRules = (
			);
			dependencies = (
			);
			name = Profile;
			productName = Profile;
			productReference = B54196EB23BE38A700B20D1F /* Profile.app */;
			productType = "com.apple.product-type.application";
		};
/* End PBXNativeTarget section */

/* Begin PBXProject section */
		B54196E323BE38A700B20D1F /* Project object */ = {
			isa = PBXProject;
			attributes = {
				LastSwiftUpdateCheck = 1130;
				LastUpgradeCheck = 1130;
				ORGANIZATIONNAME = "Jay Phillips";
				TargetAttributes = {
					B54196EA23BE38A700B20D1F = {
						CreatedOnToolsVersion = 11.3;
					};
				};
			};
			buildConfigurationList = B54196E623BE38A700B20D1F /* Build configuration list for PBXProject "Profile" */;
			compatibilityVersion = "Xcode 9.3";
			developmentRegion = en;
			hasScannedForEncodings = 0;
			knownRegions = (
				en,
				Base,
			);
			mainGroup = B54196E223BE38A700B20D1F;
			productRefGroup = B54196EC23BE38A700B20D1F /* Products */;
			projectDirPath = "";
			projectRoot = "";
			targets = (
				B54196EA23BE38A700B20D1F /* Profile */,
			);
		};
/* End PBXProject section */

/* Begin PBXResourcesBuildPhase section */
		B54196E923BE38A700B20D1F /* Resources */ = {
			isa = PBXResourcesBuildPhase;
			buildActionMask = 2147483647;
			files = (
				B54196FB23BE38A700B20D1F /* LaunchScreen.storyboard in Resources */,
				B54196F823BE38A700B20D1F /* Preview Assets.xcassets in Resources */,
				B54196F523BE38A700B20D1F /* Assets.xcassets in Resources */,
			);
			runOnlyForDeploymentPostprocessing = 0;
		};
/* End PBXResourcesBuildPhase section */

/* Begin PBXSourcesBuildPhase section */
		B54196E723BE38A700B20D1F /* Sources */ = {
			isa = PBXSourcesBuildPhase;
			buildActionMask = 2147483647;
			files = (
				B54196EF23BE38A700B20D1F /* AppDelegate.swift in Sources */,
				B541970923BE39C600B20D1F /* ProfileModel.swift in Sources */,
				B541970C23BE3E2500B20D1F /* UserService.swift in Sources */,
				B54196F123BE38A700B20D1F /* SceneDelegate.swift in Sources */,
				B54196F323BE38A700B20D1F /* ContentView.swift in Sources */,
				B541970423BE38DD00B20D1F /* ProfileScreen.swift in Sources */,
			);
			runOnlyForDeploymentPostprocessing = 0;
		};
/* End PBXSourcesBuildPhase section */

/* Begin PBXVariantGroup section */
		B54196F923BE38A700B20D1F /* LaunchScreen.storyboard */ = {
			isa = PBXVariantGroup;
			children = (
				B54196FA23BE38A700B20D1F /* Base */,
			);
			name = LaunchScreen.storyboard;
			sourceTree = "<group>";
		};
/* End PBXVariantGroup section */

/* Begin XCBuildConfiguration section */
		B54196FD23BE38A700B20D1F /* Debug */ = {
			isa = XCBuildConfiguration;
			buildSettings = {
				ALWAYS_SEARCH_USER_PATHS = NO;
				CLANG_ANALYZER_NONNULL = YES;
				CLANG_ANALYZER_NUMBER_OBJECT_CONVERSION = YES_AGGRESSIVE;
				CLANG_CXX_LANGUAGE_STANDARD = "gnu++14";
				CLANG_CXX_LIBRARY = "libc++";
				CLANG_ENABLE_MODULES = YES;
				CLANG_ENABLE_OBJC_ARC = YES;
				CLANG_ENABLE_OBJC_WEAK = YES;
				CLANG_WARN_BLOCK_CAPTURE_AUTORELEASING = YES;
				CLANG_WARN_BOOL_CONVERSION = YES;
				CLANG_WARN_COMMA = YES;
				CLANG_WARN_CONSTANT_CONVERSION = YES;
				CLANG_WARN_DEPRECATED_OBJC_IMPLEMENTATIONS = YES;
				CLANG_WARN_DIRECT_OBJC_ISA_USAGE = YES_ERROR;
				CLANG_WARN_DOCUMENTATION_COMMENTS = YES;
				CLANG_WARN_EMPTY_BODY = YES;
				CLANG_WARN_ENUM_CONVERSION = YES;
				CLANG_WARN_INFINITE_RECURSION = YES;
				CLANG_WARN_INT_CONVERSION = YES;
				CLANG_WARN_NON_LITERAL_NULL_CONVERSION = YES;
				CLANG_WARN_OBJC_IMPLICIT_RETAIN_SELF = YES;
				CLANG_WARN_OBJC_LITERAL_CONVERSION = YES;
				CLANG_WARN_OBJC_ROOT_CLASS = YES_ERROR;
				CLANG_WARN_RANGE_LOOP_ANALYSIS = YES;
				CLANG_WARN_STRICT_PROTOTYPES = YES;
				CLANG_WARN_SUSPICIOUS_MOVE = YES;
				CLANG_WARN_UNGUARDED_AVAILABILITY = YES_AGGRESSIVE;
				CLANG_WARN_UNREACHABLE_CODE = YES;
				CLANG_WARN__DUPLICATE_METHOD_MATCH = YES;
				COPY_PHASE_STRIP = NO;
				DEBUG_INFORMATION_FORMAT = dwarf;
				ENABLE_STRICT_OBJC_MSGSEND = YES;
				ENABLE_TESTABILITY = YES;
				GCC_C_LANGUAGE_STANDARD = gnu11;
				GCC_DYNAMIC_NO_PIC = NO;
				GCC_NO_COMMON_BLOCKS = YES;
				GCC_OPTIMIZATION_LEVEL = 0;
				GCC_PREPROCESSOR_DEFINITIONS = (
					"DEBUG=1",
					"$(inherited)",
				);
				GCC_WARN_64_TO_32_BIT_CONVERSION = YES;
				GCC_WARN_ABOUT_RETURN_TYPE = YES_ERROR;
				GCC_WARN_UNDECLARED_SELECTOR = YES;
				GCC_WARN_UNINITIALIZED_AUTOS = YES_AGGRESSIVE;
				GCC_WARN_UNUSED_FUNCTION = YES;
				GCC_WARN_UNUSED_VARIABLE = YES;
				IPHONEOS_DEPLOYMENT_TARGET = 13.2;
				MTL_ENABLE_DEBUG_INFO = INCLUDE_SOURCE;
				MTL_FAST_MATH = YES;
				ONLY_ACTIVE_ARCH = YES;
				SDKROOT = iphoneos;
				SWIFT_ACTIVE_COMPILATION_CONDITIONS = DEBUG;
				SWIFT_OPTIMIZATION_LEVEL = "-Onone";
			};
			name = Debug;
		};
		B54196FE23BE38A700B20D1F /* Release */ = {
			isa = XCBuildConfiguration;
			buildSettings = {
				ALWAYS_SEARCH_USER_PATHS = NO;
				CLANG_ANALYZER_NONNULL = YES;
				CLANG_ANALYZER_NUMBER_OBJECT_CONVERSION = YES_AGGRESSIVE;
				CLANG_CXX_LANGUAGE_STANDARD = "gnu++14";
				CLANG_CXX_LIBRARY = "libc++";
				CLANG_ENABLE_MODULES = YES;
				CLANG_ENABLE_OBJC_ARC = YES;
				CLANG_ENABLE_OBJC_WEAK = YES;
				CLANG_WARN_BLOCK_CAPTURE_AUTORELEASING = YES;
				CLANG_WARN_BOOL_CONVERSION = YES;
				CLANG_WARN_COMMA = YES;
				CLANG_WARN_CONSTANT_CONVERSION = YES;
				CLANG_WARN_DEPRECATED_OBJC_IMPLEMENTATIONS = YES;
				CLANG_WARN_DIRECT_OBJC_ISA_USAGE = YES_ERROR;
				CLANG_WARN_DOCUMENTATION_COMMENTS = YES;
				CLANG_WARN_EMPTY_BODY = YES;
				CLANG_WARN_ENUM_CONVERSION = YES;
				CLANG_WARN_INFINITE_RECURSION = YES;
				CLANG_WARN_INT_CONVERSION = YES;
				CLANG_WARN_NON_LITERAL_NULL_CONVERSION = YES;
				CLANG_WARN_OBJC_IMPLICIT_RETAIN_SELF = YES;
				CLANG_WARN_OBJC_LITERAL_CONVERSION = YES;
				CLANG_WARN_OBJC_ROOT_CLASS = YES_ERROR;
				CLANG_WARN_RANGE_LOOP_ANALYSIS = YES;
				CLANG_WARN_STRICT_PROTOTYPES = YES;
				CLANG_WARN_SUSPICIOUS_MOVE = YES;
				CLANG_WARN_UNGUARDED_AVAILABILITY = YES_AGGRESSIVE;
				CLANG_WARN_UNREACHABLE_CODE = YES;
				CLANG_WARN__DUPLICATE_METHOD_MATCH = YES;
				COPY_PHASE_STRIP = NO;
				DEBUG_INFORMATION_FORMAT = "dwarf-with-dsym";
				ENABLE_NS_ASSERTIONS = NO;
				ENABLE_STRICT_OBJC_MSGSEND = YES;
				GCC_C_LANGUAGE_STANDARD = gnu11;
				GCC_NO_COMMON_BLOCKS = YES;
				GCC_WARN_64_TO_32_BIT_CONVERSION = YES;
				GCC_WARN_ABOUT_RETURN_TYPE = YES_ERROR;
				GCC_WARN_UNDECLARED_SELECTOR = YES;
				GCC_WARN_UNINITIALIZED_AUTOS = YES_AGGRESSIVE;
				GCC_WARN_UNUSED_FUNCTION = YES;
				GCC_WARN_UNUSED_VARIABLE = YES;
				IPHONEOS_DEPLOYMENT_TARGET = 13.2;
				MTL_ENABLE_DEBUG_INFO = NO;
				MTL_FAST_MATH = YES;
				SDKROOT = iphoneos;
				SWIFT_COMPILATION_MODE = wholemodule;
				SWIFT_OPTIMIZATION_LEVEL = "-O";
				VALIDATE_PRODUCT = YES;
			};
			name = Release;
		};
		B541970023BE38A700B20D1F /* Debug */ = {
			isa = XCBuildConfiguration;
			buildSettings = {
				ASSETCATALOG_COMPILER_APPICON_NAME = AppIcon;
				CODE_SIGN_STYLE = Automatic;
				DEVELOPMENT_ASSET_PATHS = "\"Profile/Preview Content\"";
				DEVELOPMENT_TEAM = 35D5MY3UD7;
				ENABLE_PREVIEWS = YES;
				INFOPLIST_FILE = Profile/Info.plist;
				LD_RUNPATH_SEARCH_PATHS = (
					"$(inherited)",
					"@executable_path/Frameworks",
				);
				PRODUCT_BUNDLE_IDENTIFIER = net.devnasium.Profile;
				PRODUCT_NAME = "$(TARGET_NAME)";
				SWIFT_VERSION = 5.0;
				TARGETED_DEVICE_FAMILY = "1,2";
			};
			name = Debug;
		};
		B541970123BE38A700B20D1F /* Release */ = {
			isa = XCBuildConfiguration;
			buildSettings = {
				ASSETCATALOG_COMPILER_APPICON_NAME = AppIcon;
				CODE_SIGN_STYLE = Automatic;
				DEVELOPMENT_ASSET_PATHS = "\"Profile/Preview Content\"";
				DEVELOPMENT_TEAM = 35D5MY3UD7;
				ENABLE_PREVIEWS = YES;
				INFOPLIST_FILE = Profile/Info.plist;
				LD_RUNPATH_SEARCH_PATHS = (
					"$(inherited)",
					"@executable_path/Frameworks",
				);
				PRODUCT_BUNDLE_IDENTIFIER = net.devnasium.Profile;
				PRODUCT_NAME = "$(TARGET_NAME)";
				SWIFT_VERSION = 5.0;
				TARGETED_DEVICE_FAMILY = "1,2";
			};
			name = Release;
		};
/* End XCBuildConfiguration section */

/* Begin XCConfigurationList section */
		B54196E623BE38A700B20D1F /* Build configuration list for PBXProject "Profile" */ = {
			isa = XCConfigurationList;
			buildConfigurations = (
				B54196FD23BE38A700B20D1F /* Debug */,
				B54196FE23BE38A700B20D1F /* Release */,
			);
			defaultConfigurationIsVisible = 0;
			defaultConfigurationName = Release;
		};
		B54196FF23BE38A700B20D1F /* Build configuration list for PBXNativeTarget "Profile" */ = {
			isa = XCConfigurationList;
			buildConfigurations = (
				B541970023BE38A700B20D1F /* Debug */,
				B541970123BE38A700B20D1F /* Release */,
			);
			defaultConfigurationIsVisible = 0;
			defaultConfigurationName = Release;
		};
/* End XCConfigurationList section */
	};
	rootObject = B54196E323BE38A700B20D1F /* Project object */;
}
